{
  "nodes": {
    "course-management": {
      "inputs": {
        "flake-utils": "flake-utils",
        "nixpkgs": [
          "nixpkgs"
        ],
        "poetry2nix": "poetry2nix"
      },
      "locked": {
        "lastModified": 1694358978,
        "narHash": "sha256-gHWIIYJZepq1/3oFVkUkl0n52bRJWnNgmGaiZ2aGEwc=",
        "owner": "fsr",
        "repo": "course-management",
        "rev": "5ccbee8151c5caa519ebdb2ce2b8ec52b7749949",
        "type": "github"
      },
      "original": {
        "owner": "fsr",
        "repo": "course-management",
        "type": "github"
      }
    },
    "flake-utils": {
      "inputs": {
        "systems": "systems"
      },
      "locked": {
        "lastModified": 1687709756,
        "narHash": "sha256-Y5wKlQSkgEK2weWdOu4J3riRd+kV/VCgHsqLNTTWQ/0=",
        "owner": "numtide",
        "repo": "flake-utils",
        "rev": "dbabf0ca0c0c4bce6ea5eaf65af5cb694d2082c7",
        "type": "github"
      },
      "original": {
        "owner": "numtide",
        "repo": "flake-utils",
        "type": "github"
      }
    },
    "flake-utils_2": {
      "inputs": {
        "systems": "systems_2"
      },
      "locked": {
        "lastModified": 1687709756,
        "narHash": "sha256-Y5wKlQSkgEK2weWdOu4J3riRd+kV/VCgHsqLNTTWQ/0=",
        "owner": "numtide",
        "repo": "flake-utils",
        "rev": "dbabf0ca0c0c4bce6ea5eaf65af5cb694d2082c7",
        "type": "github"
      },
      "original": {
        "owner": "numtide",
        "repo": "flake-utils",
        "type": "github"
      }
    },
    "kpp": {
      "inputs": {
        "nixpkgs": [
          "nixpkgs"
        ]
      },
      "locked": {
        "lastModified": 1695210150,
        "narHash": "sha256-mdHcFexCunDMAjRhRrzpsKMvr/cwTa93Ml+KjV91uKk=",
        "owner": "fsr",
        "repo": "kpp",
        "rev": "2fa4cfb22850beba2e61abd4e1a5a694e40cccb7",
        "type": "github"
      },
      "original": {
        "owner": "fsr",
        "repo": "kpp",
        "type": "github"
      }
    },
    "nix-index-database": {
      "inputs": {
        "nixpkgs": [
          "nixpkgs"
        ]
      },
      "locked": {
        "lastModified": 1696736548,
        "narHash": "sha256-Dg0gJ9xVXud55sAbXspMapFYZOpVAldQQo7MFp91Vb0=",
        "owner": "nix-community",
        "repo": "nix-index-database",
        "rev": "2902dc66f64f733bfb45754e984e958e9fe7faf9",
        "type": "github"
      },
      "original": {
        "owner": "nix-community",
        "repo": "nix-index-database",
        "type": "github"
      }
    },
    "nixpkgs": {
      "locked": {
        "lastModified": 1696697597,
        "narHash": "sha256-q26Qv4DQ+h6IeozF2o1secyQG0jt2VUT3V0K58jr3pg=",
        "owner": "nixos",
        "repo": "nixpkgs",
        "rev": "5a237aecb57296f67276ac9ab296a41c23981f56",
        "type": "github"
      },
      "original": {
        "owner": "nixos",
        "ref": "nixos-23.05",
        "repo": "nixpkgs",
        "type": "github"
      }
    },
    "nixpkgs-stable": {
      "locked": {
        "lastModified": 1696717752,
        "narHash": "sha256-qEq1styCyQHSrw7AOhskH2qwCFx93bOwsGEzUIrZC0g=",
        "owner": "NixOS",
        "repo": "nixpkgs",
        "rev": "2f3b6b3fcd9fa0a4e6b544180c058a70890a7cc1",
        "type": "github"
      },
      "original": {
        "owner": "NixOS",
        "ref": "release-23.05",
        "repo": "nixpkgs",
        "type": "github"
      }
    },
    "poetry2nix": {
      "inputs": {
        "flake-utils": "flake-utils_2",
        "nixpkgs": [
          "course-management",
          "nixpkgs"
        ]
      },
      "locked": {
        "lastModified": 1688440303,
        "narHash": "sha256-hFfOyityHdVFI0HNM+sqZfpi9Fbvjvy0N9O7FjuqPWY=",
        "owner": "nix-community",
        "repo": "poetry2nix",
        "rev": "04714155bae013fb9b207e54d1faf9f0c3d08706",
        "type": "github"
      },
      "original": {
        "owner": "nix-community",
        "repo": "poetry2nix",
        "type": "github"
      }
    },
    "root": {
      "inputs": {
        "course-management": "course-management",
        "kpp": "kpp",
        "nix-index-database": "nix-index-database",
        "nixpkgs": "nixpkgs",
        "sops-nix": "sops-nix"
      }
    },
    "sops-nix": {
      "inputs": {
        "nixpkgs": [
          "nixpkgs"
        ],
        "nixpkgs-stable": "nixpkgs-stable"
      },
      "locked": {
        "lastModified": 1696734395,
        "narHash": "sha256-O/g/wwBqqSS7RQ53bE6Ssf0pXVTCYfN7NnJDhKfggQY=",
        "owner": "Mic92",
        "repo": "sops-nix",
        "rev": "d7380c38d407eaf06d111832f4368ba3486b800e",
        "type": "github"
      },
      "original": {
        "owner": "Mic92",
        "repo": "sops-nix",
        "type": "github"
      }
    },
    "systems": {
      "locked": {
        "lastModified": 1681028828,
        "narHash": "sha256-Vy1rq5AaRuLzOxct8nz4T6wlgyUR7zLU309k9mBC768=",
        "owner": "nix-systems",
        "repo": "default",
        "rev": "da67096a3b9bf56a91d16901293e51ba5b49a27e",
        "type": "github"
      },
      "original": {
        "owner": "nix-systems",
        "repo": "default",
        "type": "github"
      }
    },
    "systems_2": {
      "locked": {
        "lastModified": 1681028828,
        "narHash": "sha256-Vy1rq5AaRuLzOxct8nz4T6wlgyUR7zLU309k9mBC768=",
        "owner": "nix-systems",
        "repo": "default",
        "rev": "da67096a3b9bf56a91d16901293e51ba5b49a27e",
        "type": "github"
      },
      "original": {
        "owner": "nix-systems",
        "repo": "default",
        "type": "github"
      }
    }
  },
  "root": "root",
  "version": 7
}
